
Microsoft Visual Studio Solution File, Format Version 12.00
# Visual Studio Version 17
VisualStudioVersion = 17.3.32804.467
MinimumVisualStudioVersion = 10.0.40219.1
Project("{FAE04EC0-301F-11D3-BF4B-00C04F79EFBC}") = "GraphQLExcercise.API", "GraphQLExcercise.API\GraphQLExcercise.API.csproj", "{8B818559-24CB-4A7F-BEE7-6845BBD76253}"
EndProject
Global
	GlobalSection(SolutionConfigurationPlatforms) = preSolution
		Debug|Any CPU = Debug|Any CPU
		Release|Any CPU = Release|Any CPU
	EndGlobalSection
	GlobalSection(ProjectConfigurationPlatforms) = postSolution
		{8B818559-24CB-4A7F-BEE7-6845BBD76253}.Debug|Any CPU.ActiveCfg = Debug|Any CPU
		{8B818559-24CB-4A7F-BEE7-6845BBD76253}.Debug|Any CPU.Build.0 = Debug|Any CPU
		{8B818559-24CB-4A7F-BEE7-6845BBD76253}.Release|Any CPU.ActiveCfg = Release|Any CPU
		{8B818559-24CB-4A7F-BEE7-6845BBD76253}.Release|Any CPU.Build.0 = Release|Any CPU
	EndGlobalSection
	GlobalSection(SolutionProperties) = preSolution
		HideSolutionNode = FALSE
	EndGlobalSection
	GlobalSection(ExtensibilityGlobals) = postSolution
		SolutionGuid = {4D1136C4-F129-4997-9EFC-6771B2EFAD80}
	EndGlobalSection
EndGlobal
